
Microsoft Visual Studio Solution File, Format Version 12.00
# Visual Studio Version 17
VisualStudioVersion = 17.2.32516.85
MinimumVisualStudioVersion = 10.0.40219.1
Project("{8BC9CEB8-8B4A-11D0-8D11-00A0C91BC942}") = "MonsterWorld Again", "MonsterWorld Again.vcxproj", "{701CADC5-7FB6-4173-B314-85E5FA516679}"
EndProject
Global
	GlobalSection(SolutionConfigurationPlatforms) = preSolution
		Debug|x64 = Debug|x64
		Debug|x86 = Debug|x86
		Release|x64 = Release|x64
		Release|x86 = Release|x86
	EndGlobalSection
	GlobalSection(ProjectConfigurationPlatforms) = postSolution
		{701CADC5-7FB6-4173-B314-85E5FA516679}.Debug|x64.ActiveCfg = Debug|x64
		{701CADC5-7FB6-4173-B314-85E5FA516679}.Debug|x64.Build.0 = Debug|x64
		{701CADC5-7FB6-4173-B314-85E5FA516679}.Debug|x86.ActiveCfg = Debug|Win32
		{701CADC5-7FB6-4173-B314-85E5FA516679}.Debug|x86.Build.0 = Debug|Win32
		{701CADC5-7FB6-4173-B314-85E5FA516679}.Release|x64.ActiveCfg = Release|x64
		{701CADC5-7FB6-4173-B314-85E5FA516679}.Release|x64.Build.0 = Release|x64
		{701CADC5-7FB6-4173-B314-85E5FA516679}.Release|x86.ActiveCfg = Release|Win32
		{701CADC5-7FB6-4173-B314-85E5FA516679}.Release|x86.Build.0 = Release|Win32
	EndGlobalSection
	GlobalSection(SolutionProperties) = preSolution
		HideSolutionNode = FALSE
	EndGlobalSection
	GlobalSection(ExtensibilityGlobals) = postSolution
		SolutionGuid = {790A1B27-DCE8-4D42-A2DA-1A18BBA0E732}
	EndGlobalSection
EndGlobal
